
Microsoft Visual Studio Solution File, Format Version 9.00
# Visual Studio 2005
Project("{FAE04EC0-301F-11D3-BF4B-00C04F79EFBC}") = "CopyTextContents", "CopyTextContents\CopyTextContents.csproj", "{A9B2E522-3E73-4D03-B7FE-6C4F7E32A657}"
EndProject
Global
	GlobalSection(SolutionConfigurationPlatforms) = preSolution
		Debug|Any CPU = Debug|Any CPU
		Release|Any CPU = Release|Any CPU
	EndGlobalSection
	GlobalSection(ProjectConfigurationPlatforms) = postSolution
		{A9B2E522-3E73-4D03-B7FE-6C4F7E32A657}.Debug|Any CPU.ActiveCfg = Debug|Any CPU
		{A9B2E522-3E73-4D03-B7FE-6C4F7E32A657}.Debug|Any CPU.Build.0 = Debug|Any CPU
		{A9B2E522-3E73-4D03-B7FE-6C4F7E32A657}.Release|Any CPU.ActiveCfg = Release|Any CPU
		{A9B2E522-3E73-4D03-B7FE-6C4F7E32A657}.Release|Any CPU.Build.0 = Release|Any CPU
	EndGlobalSection
	GlobalSection(SolutionProperties) = preSolution
		HideSolutionNode = FALSE
	EndGlobalSection
EndGlobal
